// !$*UTF8*$!
{
	archiveVersion = 1;
	classes = {
	};
	objectVersion = 50;
	objects = {

/* Begin PBXBuildFile section */
		02A3235223833C0800F263DA /* main.cpp in Sources */ = {isa = PBXBuildFile; fileRef = 02A3235123833C0800F263DA /* main.cpp */; };
		02A3235D2383474F00F263DA /* Tensor.cpp in Sources */ = {isa = PBXBuildFile; fileRef = 02A3235B2383474F00F263DA /* Tensor.cpp */; };
		02A323602383476600F263DA /* TensorIterator.cpp in Sources */ = {isa = PBXBuildFile; fileRef = 02A3235E2383476600F263DA /* TensorIterator.cpp */; };
/* End PBXBuildFile section */

/* Begin PBXCopyFilesBuildPhase section */
		02A3234C23833C0800F263DA /* CopyFiles */ = {
			isa = PBXCopyFilesBuildPhase;
			buildActionMask = 2147483647;
			dstPath = /usr/share/man/man1/;
			dstSubfolderSpec = 0;
			files = (
			);
			runOnlyForDeploymentPostprocessing = 1;
		};
/* End PBXCopyFilesBuildPhase section */

/* Begin PBXFileReference section */
		02A3234E23833C0800F263DA /* open_compute */ = {isa = PBXFileReference; explicitFileType = "compiled.mach-o.executable"; includeInIndex = 0; path = open_compute; sourceTree = BUILT_PRODUCTS_DIR; };
		02A3235123833C0800F263DA /* main.cpp */ = {isa = PBXFileReference; lastKnownFileType = sourcecode.cpp.cpp; path = main.cpp; sourceTree = "<group>"; };
		02A3235823833CB200F263DA /* vector_math.h */ = {isa = PBXFileReference; lastKnownFileType = sourcecode.c.h; path = vector_math.h; sourceTree = "<group>"; };
		02A32359238345E800F263DA /* architecture_ops.h */ = {isa = PBXFileReference; lastKnownFileType = sourcecode.c.h; path = architecture_ops.h; sourceTree = "<group>"; };
		02A3235A2383472A00F263DA /* types.h */ = {isa = PBXFileReference; lastKnownFileType = sourcecode.c.h; path = types.h; sourceTree = "<group>"; };
		02A3235B2383474F00F263DA /* Tensor.cpp */ = {isa = PBXFileReference; lastKnownFileType = sourcecode.cpp.cpp; path = Tensor.cpp; sourceTree = "<group>"; };
		02A3235C2383474F00F263DA /* Tensor.hpp */ = {isa = PBXFileReference; lastKnownFileType = sourcecode.cpp.h; path = Tensor.hpp; sourceTree = "<group>"; };
		02A3235E2383476600F263DA /* TensorIterator.cpp */ = {isa = PBXFileReference; lastKnownFileType = sourcecode.cpp.cpp; path = TensorIterator.cpp; sourceTree = "<group>"; };
		02A3235F2383476600F263DA /* TensorIterator.hpp */ = {isa = PBXFileReference; lastKnownFileType = sourcecode.cpp.h; path = TensorIterator.hpp; sourceTree = "<group>"; };
/* End PBXFileReference section */

/* Begin PBXFrameworksBuildPhase section */
		02A3234B23833C0800F263DA /* Frameworks */ = {
			isa = PBXFrameworksBuildPhase;
			buildActionMask = 2147483647;
			files = (
			);
			runOnlyForDeploymentPostprocessing = 0;
		};
/* End PBXFrameworksBuildPhase section */

/* Begin PBXGroup section */
		02A3234523833C0800F263DA = {
			isa = PBXGroup;
			children = (
				02A3235023833C0800F263DA /* open_compute */,
				02A3234F23833C0800F263DA /* Products */,
			);
			sourceTree = "<group>";
		};
		02A3234F23833C0800F263DA /* Products */ = {
			isa = PBXGroup;
			children = (
				02A3234E23833C0800F263DA /* open_compute */,
			);
			name = Products;
			sourceTree = "<group>";
		};
		02A3235023833C0800F263DA /* open_compute */ = {
			isa = PBXGroup;
			children = (
				02A3235123833C0800F263DA /* main.cpp */,
				02A3235823833CB200F263DA /* vector_math.h */,
				02A32359238345E800F263DA /* architecture_ops.h */,
				02A3235A2383472A00F263DA /* types.h */,
				02A3235B2383474F00F263DA /* Tensor.cpp */,
				02A3235C2383474F00F263DA /* Tensor.hpp */,
				02A3235E2383476600F263DA /* TensorIterator.cpp */,
				02A3235F2383476600F263DA /* TensorIterator.hpp */,
			);
			path = open_compute;
			sourceTree = "<group>";
		};
/* End PBXGroup section */

/* Begin PBXNativeTarget section */
		02A3234D23833C0800F263DA /* open_compute */ = {
			isa = PBXNativeTarget;
			buildConfigurationList = 02A3235523833C0800F263DA /* Build configuration list for PBXNativeTarget "open_compute" */;
			buildPhases = (
				02A3234A23833C0800F263DA /* Sources */,
				02A3234B23833C0800F263DA /* Frameworks */,
				02A3234C23833C0800F263DA /* CopyFiles */,
			);
			buildRules = (
			);
			dependencies = (
			);
			name = open_compute;
			productName = open_compute;
			productReference = 02A3234E23833C0800F263DA /* open_compute */;
			productType = "com.apple.product-type.tool";
		};
/* End PBXNativeTarget section */

/* Begin PBXProject section */
		02A3234623833C0800F263DA /* Project object */ = {
			isa = PBXProject;
			attributes = {
				LastUpgradeCheck = 1110;
				ORGANIZATIONNAME = "karim hasebou";
				TargetAttributes = {
					02A3234D23833C0800F263DA = {
						CreatedOnToolsVersion = 11.1;
					};
				};
			};
			buildConfigurationList = 02A3234923833C0800F263DA /* Build configuration list for PBXProject "open_compute" */;
			compatibilityVersion = "Xcode 9.3";
			developmentRegion = en;
			hasScannedForEncodings = 0;
			knownRegions = (
				en,
				Base,
			);
			mainGroup = 02A3234523833C0800F263DA;
			productRefGroup = 02A3234F23833C0800F263DA /* Products */;
			projectDirPath = "";
			projectRoot = "";
			targets = (
				02A3234D23833C0800F263DA /* open_compute */,
			);
		};
/* End PBXProject section */

/* Begin PBXSourcesBuildPhase section */
		02A3234A23833C0800F263DA /* Sources */ = {
			isa = PBXSourcesBuildPhase;
			buildActionMask = 2147483647;
			files = (
				02A323602383476600F263DA /* TensorIterator.cpp in Sources */,
				02A3235D2383474F00F263DA /* Tensor.cpp in Sources */,
				02A3235223833C0800F263DA /* main.cpp in Sources */,
			);
			runOnlyForDeploymentPostprocessing = 0;
		};
/* End PBXSourcesBuildPhase section */

/* Begin XCBuildConfiguration section */
		02A3235323833C0800F263DA /* Debug */ = {
			isa = XCBuildConfiguration;
			buildSettings = {
				ALWAYS_SEARCH_USER_PATHS = NO;
				CLANG_ANALYZER_NONNULL = YES;
				CLANG_ANALYZER_NUMBER_OBJECT_CONVERSION = YES_AGGRESSIVE;
				CLANG_CXX_LANGUAGE_STANDARD = "gnu++14";
				CLANG_CXX_LIBRARY = "libc++";
				CLANG_ENABLE_MODULES = YES;
				CLANG_ENABLE_OBJC_ARC = YES;
				CLANG_ENABLE_OBJC_WEAK = YES;
				CLANG_WARN_BLOCK_CAPTURE_AUTORELEASING = YES;
				CLANG_WARN_BOOL_CONVERSION = YES;
				CLANG_WARN_COMMA = YES;
				CLANG_WARN_CONSTANT_CONVERSION = YES;
				CLANG_WARN_DEPRECATED_OBJC_IMPLEMENTATIONS = YES;
				CLANG_WARN_DIRECT_OBJC_ISA_USAGE = YES_ERROR;
				CLANG_WARN_DOCUMENTATION_COMMENTS = YES;
				CLANG_WARN_EMPTY_BODY = YES;
				CLANG_WARN_ENUM_CONVERSION = YES;
				CLANG_WARN_INFINITE_RECURSION = YES;
				CLANG_WARN_INT_CONVERSION = YES;
				CLANG_WARN_NON_LITERAL_NULL_CONVERSION = YES;
				CLANG_WARN_OBJC_IMPLICIT_RETAIN_SELF = YES;
				CLANG_WARN_OBJC_LITERAL_CONVERSION = YES;
				CLANG_WARN_OBJC_ROOT_CLASS = YES_ERROR;
				CLANG_WARN_RANGE_LOOP_ANALYSIS = YES;
				CLANG_WARN_STRICT_PROTOTYPES = YES;
				CLANG_WARN_SUSPICIOUS_MOVE = YES;
				CLANG_WARN_UNGUARDED_AVAILABILITY = YES_AGGRESSIVE;
				CLANG_WARN_UNREACHABLE_CODE = YES;
				CLANG_WARN__DUPLICATE_METHOD_MATCH = YES;
				COPY_PHASE_STRIP = NO;
				DEBUG_INFORMATION_FORMAT = dwarf;
				ENABLE_STRICT_OBJC_MSGSEND = YES;
				ENABLE_TESTABILITY = YES;
				GCC_C_LANGUAGE_STANDARD = gnu11;
				GCC_DYNAMIC_NO_PIC = NO;
				GCC_NO_COMMON_BLOCKS = YES;
				GCC_OPTIMIZATION_LEVEL = 0;
				GCC_PREPROCESSOR_DEFINITIONS = (
					"DEBUG=1",
					"$(inherited)",
				);
				GCC_WARN_64_TO_32_BIT_CONVERSION = YES;
				GCC_WARN_ABOUT_RETURN_TYPE = YES_ERROR;
				GCC_WARN_UNDECLARED_SELECTOR = YES;
				GCC_WARN_UNINITIALIZED_AUTOS = YES_AGGRESSIVE;
				GCC_WARN_UNUSED_FUNCTION = YES;
				GCC_WARN_UNUSED_VARIABLE = YES;
				MACOSX_DEPLOYMENT_TARGET = 10.14;
				MTL_ENABLE_DEBUG_INFO = INCLUDE_SOURCE;
				MTL_FAST_MATH = YES;
				ONLY_ACTIVE_ARCH = YES;
				SDKROOT = macosx;
			};
			name = Debug;
		};
		02A3235423833C0800F263DA /* Release */ = {
			isa = XCBuildConfiguration;
			buildSettings = {
				ALWAYS_SEARCH_USER_PATHS = NO;
				CLANG_ANALYZER_NONNULL = YES;
				CLANG_ANALYZER_NUMBER_OBJECT_CONVERSION = YES_AGGRESSIVE;
				CLANG_CXX_LANGUAGE_STANDARD = "gnu++14";
				CLANG_CXX_LIBRARY = "libc++";
				CLANG_ENABLE_MODULES = YES;
				CLANG_ENABLE_OBJC_ARC = YES;
				CLANG_ENABLE_OBJC_WEAK = YES;
				CLANG_WARN_BLOCK_CAPTURE_AUTORELEASING = YES;
				CLANG_WARN_BOOL_CONVERSION = YES;
				CLANG_WARN_COMMA = YES;
				CLANG_WARN_CONSTANT_CONVERSION = YES;
				CLANG_WARN_DEPRECATED_OBJC_IMPLEMENTATIONS = YES;
				CLANG_WARN_DIRECT_OBJC_ISA_USAGE = YES_ERROR;
				CLANG_WARN_DOCUMENTATION_COMMENTS = YES;
				CLANG_WARN_EMPTY_BODY = YES;
				CLANG_WARN_ENUM_CONVERSION = YES;
				CLANG_WARN_INFINITE_RECURSION = YES;
				CLANG_WARN_INT_CONVERSION = YES;
				CLANG_WARN_NON_LITERAL_NULL_CONVERSION = YES;
				CLANG_WARN_OBJC_IMPLICIT_RETAIN_SELF = YES;
				CLANG_WARN_OBJC_LITERAL_CONVERSION = YES;
				CLANG_WARN_OBJC_ROOT_CLASS = YES_ERROR;
				CLANG_WARN_RANGE_LOOP_ANALYSIS = YES;
				CLANG_WARN_STRICT_PROTOTYPES = YES;
				CLANG_WARN_SUSPICIOUS_MOVE = YES;
				CLANG_WARN_UNGUARDED_AVAILABILITY = YES_AGGRESSIVE;
				CLANG_WARN_UNREACHABLE_CODE = YES;
				CLANG_WARN__DUPLICATE_METHOD_MATCH = YES;
				COPY_PHASE_STRIP = NO;
				DEBUG_INFORMATION_FORMAT = "dwarf-with-dsym";
				ENABLE_NS_ASSERTIONS = NO;
				ENABLE_STRICT_OBJC_MSGSEND = YES;
				GCC_C_LANGUAGE_STANDARD = gnu11;
				GCC_NO_COMMON_BLOCKS = YES;
				GCC_WARN_64_TO_32_BIT_CONVERSION = YES;
				GCC_WARN_ABOUT_RETURN_TYPE = YES_ERROR;
				GCC_WARN_UNDECLARED_SELECTOR = YES;
				GCC_WARN_UNINITIALIZED_AUTOS = YES_AGGRESSIVE;
				GCC_WARN_UNUSED_FUNCTION = YES;
				GCC_WARN_UNUSED_VARIABLE = YES;
				MACOSX_DEPLOYMENT_TARGET = 10.14;
				MTL_ENABLE_DEBUG_INFO = NO;
				MTL_FAST_MATH = YES;
				SDKROOT = macosx;
			};
			name = Release;
		};
		02A3235623833C0800F263DA /* Debug */ = {
			isa = XCBuildConfiguration;
			buildSettings = {
				CODE_SIGN_STYLE = Automatic;
				PRODUCT_NAME = "$(TARGET_NAME)";
			};
			name = Debug;
		};
		02A3235723833C0800F263DA /* Release */ = {
			isa = XCBuildConfiguration;
			buildSettings = {
				CODE_SIGN_STYLE = Automatic;
				PRODUCT_NAME = "$(TARGET_NAME)";
			};
			name = Release;
		};
/* End XCBuildConfiguration section */

/* Begin XCConfigurationList section */
		02A3234923833C0800F263DA /* Build configuration list for PBXProject "open_compute" */ = {
			isa = XCConfigurationList;
			buildConfigurations = (
				02A3235323833C0800F263DA /* Debug */,
				02A3235423833C0800F263DA /* Release */,
			);
			defaultConfigurationIsVisible = 0;
			defaultConfigurationName = Release;
		};
		02A3235523833C0800F263DA /* Build configuration list for PBXNativeTarget "open_compute" */ = {
			isa = XCConfigurationList;
			buildConfigurations = (
				02A3235623833C0800F263DA /* Debug */,
				02A3235723833C0800F263DA /* Release */,
			);
			defaultConfigurationIsVisible = 0;
			defaultConfigurationName = Release;
		};
/* End XCConfigurationList section */
	};
	rootObject = 02A3234623833C0800F263DA /* Project object */;
}
